
Microsoft Visual Studio Solution File, Format Version 12.00
# Visual Studio Version 17
VisualStudioVersion = 17.4.33110.190
MinimumVisualStudioVersion = 10.0.40219.1
Project("{9A19103F-16F7-4668-BE54-9A1E7A4F7556}") = "RegionKit", "src\RegionKit.csproj", "{5954BBB2-05B8-4D40-A636-F79BA22BAAB3}"
EndProject
Global
	GlobalSection(SolutionConfigurationPlatforms) = preSolution
		Debug|Any CPU = Debug|Any CPU
		Release|Any CPU = Release|Any CPU
	EndGlobalSection
	GlobalSection(ProjectConfigurationPlatforms) = postSolution
		{5954BBB2-05B8-4D40-A636-F79BA22BAAB3}.Debug|Any CPU.ActiveCfg = Debug|Any CPU
		{5954BBB2-05B8-4D40-A636-F79BA22BAAB3}.Debug|Any CPU.Build.0 = Debug|Any CPU
		{5954BBB2-05B8-4D40-A636-F79BA22BAAB3}.Release|Any CPU.ActiveCfg = Release|Any CPU
		{5954BBB2-05B8-4D40-A636-F79BA22BAAB3}.Release|Any CPU.Build.0 = Release|Any CPU
	EndGlobalSection
	GlobalSection(SolutionProperties) = preSolution
		HideSolutionNode = FALSE
	EndGlobalSection
	GlobalSection(ExtensibilityGlobals) = postSolution
		SolutionGuid = {7E8CD270-4FEF-4105-B089-EE6CAE0CEB64}
	EndGlobalSection
EndGlobal
